
Microsoft Visual Studio Solution File, Format Version 12.00
# Visual Studio 15
VisualStudioVersion = 15.0.26124.0
MinimumVisualStudioVersion = 15.0.26124.0
Project("{2150E333-8FDC-42A3-9474-1A3956D46DE8}") = "src", "src", "{B037E8DF-149E-4203-9BAD-3EAFB712731C}"
EndProject
Project("{FAE04EC0-301F-11D3-BF4B-00C04F79EFBC}") = "DxfLibrary", "src\DxfLibrary\DxfLibrary.csproj", "{22409177-446D-4889-832A-28277D0D6E0B}"
EndProject
Project("{FAE04EC0-301F-11D3-BF4B-00C04F79EFBC}") = "DxfLibrary.SchemaGenerator", "src\DxfLibrary.SchemaGenerator\DxfLibrary.SchemaGenerator.csproj", "{82C1C65E-3FE4-47DA-BC23-8D47584B790F}"
EndProject
Project("{2150E333-8FDC-42A3-9474-1A3956D46DE8}") = "tests", "tests", "{BCCC22CF-6E00-4705-BB36-8DF298DC1806}"
EndProject
Project("{FAE04EC0-301F-11D3-BF4B-00C04F79EFBC}") = "DxfLibrary.Tests", "tests\DxfLibrary.Tests\DxfLibrary.Tests.csproj", "{25B3D89D-8EC4-47B9-8190-8E932B012D9B}"
EndProject
Global
	GlobalSection(SolutionConfigurationPlatforms) = preSolution
		Debug|Any CPU = Debug|Any CPU
		Debug|x64 = Debug|x64
		Debug|x86 = Debug|x86
		Release|Any CPU = Release|Any CPU
		Release|x64 = Release|x64
		Release|x86 = Release|x86
	EndGlobalSection
	GlobalSection(SolutionProperties) = preSolution
		HideSolutionNode = FALSE
	EndGlobalSection
	GlobalSection(ProjectConfigurationPlatforms) = postSolution
		{22409177-446D-4889-832A-28277D0D6E0B}.Debug|Any CPU.ActiveCfg = Debug|Any CPU
		{22409177-446D-4889-832A-28277D0D6E0B}.Debug|Any CPU.Build.0 = Debug|Any CPU
		{22409177-446D-4889-832A-28277D0D6E0B}.Debug|x64.ActiveCfg = Debug|Any CPU
		{22409177-446D-4889-832A-28277D0D6E0B}.Debug|x64.Build.0 = Debug|Any CPU
		{22409177-446D-4889-832A-28277D0D6E0B}.Debug|x86.ActiveCfg = Debug|Any CPU
		{22409177-446D-4889-832A-28277D0D6E0B}.Debug|x86.Build.0 = Debug|Any CPU
		{22409177-446D-4889-832A-28277D0D6E0B}.Release|Any CPU.ActiveCfg = Release|Any CPU
		{22409177-446D-4889-832A-28277D0D6E0B}.Release|Any CPU.Build.0 = Release|Any CPU
		{22409177-446D-4889-832A-28277D0D6E0B}.Release|x64.ActiveCfg = Release|Any CPU
		{22409177-446D-4889-832A-28277D0D6E0B}.Release|x64.Build.0 = Release|Any CPU
		{22409177-446D-4889-832A-28277D0D6E0B}.Release|x86.ActiveCfg = Release|Any CPU
		{22409177-446D-4889-832A-28277D0D6E0B}.Release|x86.Build.0 = Release|Any CPU
		{82C1C65E-3FE4-47DA-BC23-8D47584B790F}.Debug|Any CPU.ActiveCfg = Debug|Any CPU
		{82C1C65E-3FE4-47DA-BC23-8D47584B790F}.Debug|Any CPU.Build.0 = Debug|Any CPU
		{82C1C65E-3FE4-47DA-BC23-8D47584B790F}.Debug|x64.ActiveCfg = Debug|Any CPU
		{82C1C65E-3FE4-47DA-BC23-8D47584B790F}.Debug|x64.Build.0 = Debug|Any CPU
		{82C1C65E-3FE4-47DA-BC23-8D47584B790F}.Debug|x86.ActiveCfg = Debug|Any CPU
		{82C1C65E-3FE4-47DA-BC23-8D47584B790F}.Debug|x86.Build.0 = Debug|Any CPU
		{82C1C65E-3FE4-47DA-BC23-8D47584B790F}.Release|Any CPU.ActiveCfg = Release|Any CPU
		{82C1C65E-3FE4-47DA-BC23-8D47584B790F}.Release|Any CPU.Build.0 = Release|Any CPU
		{82C1C65E-3FE4-47DA-BC23-8D47584B790F}.Release|x64.ActiveCfg = Release|Any CPU
		{82C1C65E-3FE4-47DA-BC23-8D47584B790F}.Release|x64.Build.0 = Release|Any CPU
		{82C1C65E-3FE4-47DA-BC23-8D47584B790F}.Release|x86.ActiveCfg = Release|Any CPU
		{82C1C65E-3FE4-47DA-BC23-8D47584B790F}.Release|x86.Build.0 = Release|Any CPU
		{25B3D89D-8EC4-47B9-8190-8E932B012D9B}.Debug|Any CPU.ActiveCfg = Debug|Any CPU
		{25B3D89D-8EC4-47B9-8190-8E932B012D9B}.Debug|Any CPU.Build.0 = Debug|Any CPU
		{25B3D89D-8EC4-47B9-8190-8E932B012D9B}.Debug|x64.ActiveCfg = Debug|Any CPU
		{25B3D89D-8EC4-47B9-8190-8E932B012D9B}.Debug|x64.Build.0 = Debug|Any CPU
		{25B3D89D-8EC4-47B9-8190-8E932B012D9B}.Debug|x86.ActiveCfg = Debug|Any CPU
		{25B3D89D-8EC4-47B9-8190-8E932B012D9B}.Debug|x86.Build.0 = Debug|Any CPU
		{25B3D89D-8EC4-47B9-8190-8E932B012D9B}.Release|Any CPU.ActiveCfg = Release|Any CPU
		{25B3D89D-8EC4-47B9-8190-8E932B012D9B}.Release|Any CPU.Build.0 = Release|Any CPU
		{25B3D89D-8EC4-47B9-8190-8E932B012D9B}.Release|x64.ActiveCfg = Release|Any CPU
		{25B3D89D-8EC4-47B9-8190-8E932B012D9B}.Release|x64.Build.0 = Release|Any CPU
		{25B3D89D-8EC4-47B9-8190-8E932B012D9B}.Release|x86.ActiveCfg = Release|Any CPU
		{25B3D89D-8EC4-47B9-8190-8E932B012D9B}.Release|x86.Build.0 = Release|Any CPU
	EndGlobalSection
	GlobalSection(NestedProjects) = preSolution
		{22409177-446D-4889-832A-28277D0D6E0B} = {B037E8DF-149E-4203-9BAD-3EAFB712731C}
		{82C1C65E-3FE4-47DA-BC23-8D47584B790F} = {B037E8DF-149E-4203-9BAD-3EAFB712731C}
		{25B3D89D-8EC4-47B9-8190-8E932B012D9B} = {BCCC22CF-6E00-4705-BB36-8DF298DC1806}
	EndGlobalSection
EndGlobal
